
Microsoft Visual Studio Solution File, Format Version 12.00
# Visual Studio Version 17
VisualStudioVersion = 17.4.33205.214
MinimumVisualStudioVersion = 10.0.40219.1
Project("{9A19103F-16F7-4668-BE54-9A1E7A4F7556}") = "NP_WebAPI", "NP_WebAPI\NP_WebAPI.csproj", "{09F74B44-D1A4-4B35-A3B8-2B0AA04A0A63}"
EndProject
Project("{FAE04EC0-301F-11D3-BF4B-00C04F79EFBC}") = "NP_WebApp", "NP_WebApp\NP_WebApp.csproj", "{C781F8A1-7D1F-46B6-BAB5-14BBA16C7274}"
EndProject
Global
	GlobalSection(SolutionConfigurationPlatforms) = preSolution
		Debug|Any CPU = Debug|Any CPU
		Release|Any CPU = Release|Any CPU
	EndGlobalSection
	GlobalSection(ProjectConfigurationPlatforms) = postSolution
		{09F74B44-D1A4-4B35-A3B8-2B0AA04A0A63}.Debug|Any CPU.ActiveCfg = Debug|Any CPU
		{09F74B44-D1A4-4B35-A3B8-2B0AA04A0A63}.Debug|Any CPU.Build.0 = Debug|Any CPU
		{09F74B44-D1A4-4B35-A3B8-2B0AA04A0A63}.Release|Any CPU.ActiveCfg = Release|Any CPU
		{09F74B44-D1A4-4B35-A3B8-2B0AA04A0A63}.Release|Any CPU.Build.0 = Release|Any CPU
		{C781F8A1-7D1F-46B6-BAB5-14BBA16C7274}.Debug|Any CPU.ActiveCfg = Debug|Any CPU
		{C781F8A1-7D1F-46B6-BAB5-14BBA16C7274}.Debug|Any CPU.Build.0 = Debug|Any CPU
		{C781F8A1-7D1F-46B6-BAB5-14BBA16C7274}.Release|Any CPU.ActiveCfg = Release|Any CPU
		{C781F8A1-7D1F-46B6-BAB5-14BBA16C7274}.Release|Any CPU.Build.0 = Release|Any CPU
	EndGlobalSection
	GlobalSection(SolutionProperties) = preSolution
		HideSolutionNode = FALSE
	EndGlobalSection
	GlobalSection(ExtensibilityGlobals) = postSolution
		SolutionGuid = {6A97CA5F-3B91-481B-976E-9DF552D51809}
	EndGlobalSection
EndGlobal
